
Microsoft Visual Studio Solution File, Format Version 12.00
# Visual Studio Version 16
VisualStudioVersion = 25.0.1705.1
MinimumVisualStudioVersion = 10.0.40219.1
Project("{FAE04EC0-301F-11D3-BF4B-00C04F79EFBC}") = "10807(개수 세기)", "10807(개수 세기)\10807(개수 세기).csproj", "{10F858A8-294D-417B-840A-4BC914E729EE}"
EndProject
Project("{FAE04EC0-301F-11D3-BF4B-00C04F79EFBC}") = "10871(X보다 작은 수)", "10871(X보다 작은 수)\10871(X보다 작은 수).csproj", "{DC38030E-8C8F-44F5-B078-61E9325D7876}"
EndProject
Project("{FAE04EC0-301F-11D3-BF4B-00C04F79EFBC}") = "10818(최소, 최대)", "10818(최소, 최대)\10818(최소, 최대).csproj", "{38182745-AF4E-4148-8E5A-A470DEC07104}"
EndProject
Project("{FAE04EC0-301F-11D3-BF4B-00C04F79EFBC}") = "2562(최댓값)", "2562(최댓값)\2562(최댓값).csproj", "{19F12CE3-06BB-43EE-AD9B-311E382E8B68}"
EndProject
Project("{FAE04EC0-301F-11D3-BF4B-00C04F79EFBC}") = "10810(공 넣기)", "10810(공 넣기)\10810(공 넣기).csproj", "{A36DE334-9D00-472E-B407-87807249029E}"
EndProject
Project("{FAE04EC0-301F-11D3-BF4B-00C04F79EFBC}") = "10813(공 바꾸기)", "10813(공 바꾸기)\10813(공 바꾸기).csproj", "{419CD359-194F-4023-B482-BBD0FB70A968}"
EndProject
Project("{FAE04EC0-301F-11D3-BF4B-00C04F79EFBC}") = "5597(과제 안 내신 분)", "5597(과제 안 내신 분)\5597(과제 안 내신 분).csproj", "{2E1CD483-2ED8-43FF-9CD5-4A4B4487C528}"
EndProject
Global
	GlobalSection(SolutionConfigurationPlatforms) = preSolution
		Debug|Any CPU = Debug|Any CPU
		Release|Any CPU = Release|Any CPU
	EndGlobalSection
	GlobalSection(ProjectConfigurationPlatforms) = postSolution
		{10F858A8-294D-417B-840A-4BC914E729EE}.Debug|Any CPU.ActiveCfg = Debug|Any CPU
		{10F858A8-294D-417B-840A-4BC914E729EE}.Debug|Any CPU.Build.0 = Debug|Any CPU
		{10F858A8-294D-417B-840A-4BC914E729EE}.Release|Any CPU.ActiveCfg = Release|Any CPU
		{10F858A8-294D-417B-840A-4BC914E729EE}.Release|Any CPU.Build.0 = Release|Any CPU
		{DC38030E-8C8F-44F5-B078-61E9325D7876}.Debug|Any CPU.ActiveCfg = Debug|Any CPU
		{DC38030E-8C8F-44F5-B078-61E9325D7876}.Debug|Any CPU.Build.0 = Debug|Any CPU
		{DC38030E-8C8F-44F5-B078-61E9325D7876}.Release|Any CPU.ActiveCfg = Release|Any CPU
		{DC38030E-8C8F-44F5-B078-61E9325D7876}.Release|Any CPU.Build.0 = Release|Any CPU
		{38182745-AF4E-4148-8E5A-A470DEC07104}.Debug|Any CPU.ActiveCfg = Debug|Any CPU
		{38182745-AF4E-4148-8E5A-A470DEC07104}.Debug|Any CPU.Build.0 = Debug|Any CPU
		{38182745-AF4E-4148-8E5A-A470DEC07104}.Release|Any CPU.ActiveCfg = Release|Any CPU
		{38182745-AF4E-4148-8E5A-A470DEC07104}.Release|Any CPU.Build.0 = Release|Any CPU
		{19F12CE3-06BB-43EE-AD9B-311E382E8B68}.Debug|Any CPU.ActiveCfg = Debug|Any CPU
		{19F12CE3-06BB-43EE-AD9B-311E382E8B68}.Debug|Any CPU.Build.0 = Debug|Any CPU
		{19F12CE3-06BB-43EE-AD9B-311E382E8B68}.Release|Any CPU.ActiveCfg = Release|Any CPU
		{19F12CE3-06BB-43EE-AD9B-311E382E8B68}.Release|Any CPU.Build.0 = Release|Any CPU
		{A36DE334-9D00-472E-B407-87807249029E}.Debug|Any CPU.ActiveCfg = Debug|Any CPU
		{A36DE334-9D00-472E-B407-87807249029E}.Debug|Any CPU.Build.0 = Debug|Any CPU
		{A36DE334-9D00-472E-B407-87807249029E}.Release|Any CPU.ActiveCfg = Release|Any CPU
		{A36DE334-9D00-472E-B407-87807249029E}.Release|Any CPU.Build.0 = Release|Any CPU
		{419CD359-194F-4023-B482-BBD0FB70A968}.Debug|Any CPU.ActiveCfg = Debug|Any CPU
		{419CD359-194F-4023-B482-BBD0FB70A968}.Debug|Any CPU.Build.0 = Debug|Any CPU
		{419CD359-194F-4023-B482-BBD0FB70A968}.Release|Any CPU.ActiveCfg = Release|Any CPU
		{419CD359-194F-4023-B482-BBD0FB70A968}.Release|Any CPU.Build.0 = Release|Any CPU
		{2E1CD483-2ED8-43FF-9CD5-4A4B4487C528}.Debug|Any CPU.ActiveCfg = Debug|Any CPU
		{2E1CD483-2ED8-43FF-9CD5-4A4B4487C528}.Debug|Any CPU.Build.0 = Debug|Any CPU
		{2E1CD483-2ED8-43FF-9CD5-4A4B4487C528}.Release|Any CPU.ActiveCfg = Release|Any CPU
		{2E1CD483-2ED8-43FF-9CD5-4A4B4487C528}.Release|Any CPU.Build.0 = Release|Any CPU
	EndGlobalSection
	GlobalSection(SolutionProperties) = preSolution
		HideSolutionNode = FALSE
	EndGlobalSection
	GlobalSection(ExtensibilityGlobals) = postSolution
		SolutionGuid = {F158A948-CC0F-4365-89AB-4FCD72734E58}
	EndGlobalSection
EndGlobal
