
Microsoft Visual Studio Solution File, Format Version 12.00
# Visual Studio Version 16
VisualStudioVersion = 25.0.1705.0
MinimumVisualStudioVersion = 10.0.40219.1
Project("{FAE04EC0-301F-11D3-BF4B-00C04F79EFBC}") = "2557(Hello World)", "2557(Hello World)\2557(Hello World).csproj", "{E2911278-4BE0-4425-86CC-DF07DFE75792}"
EndProject
Project("{FAE04EC0-301F-11D3-BF4B-00C04F79EFBC}") = "1000(A+B)", "1000(A+B)\1000(A+B).csproj", "{4A9C1A9E-58F9-485F-B00B-ED8B2DEDA6C3}"
EndProject
Project("{FAE04EC0-301F-11D3-BF4B-00C04F79EFBC}") = "1001(A-B)", "1001(A-B)\1001(A-B).csproj", "{D2071588-B4CC-4DD9-AA37-B26E462015D7}"
EndProject
Global
	GlobalSection(SolutionConfigurationPlatforms) = preSolution
		Debug|Any CPU = Debug|Any CPU
		Release|Any CPU = Release|Any CPU
	EndGlobalSection
	GlobalSection(ProjectConfigurationPlatforms) = postSolution
		{E2911278-4BE0-4425-86CC-DF07DFE75792}.Debug|Any CPU.ActiveCfg = Debug|Any CPU
		{E2911278-4BE0-4425-86CC-DF07DFE75792}.Debug|Any CPU.Build.0 = Debug|Any CPU
		{E2911278-4BE0-4425-86CC-DF07DFE75792}.Release|Any CPU.ActiveCfg = Release|Any CPU
		{E2911278-4BE0-4425-86CC-DF07DFE75792}.Release|Any CPU.Build.0 = Release|Any CPU
		{4A9C1A9E-58F9-485F-B00B-ED8B2DEDA6C3}.Debug|Any CPU.ActiveCfg = Debug|Any CPU
		{4A9C1A9E-58F9-485F-B00B-ED8B2DEDA6C3}.Debug|Any CPU.Build.0 = Debug|Any CPU
		{4A9C1A9E-58F9-485F-B00B-ED8B2DEDA6C3}.Release|Any CPU.ActiveCfg = Release|Any CPU
		{4A9C1A9E-58F9-485F-B00B-ED8B2DEDA6C3}.Release|Any CPU.Build.0 = Release|Any CPU
		{D2071588-B4CC-4DD9-AA37-B26E462015D7}.Debug|Any CPU.ActiveCfg = Debug|Any CPU
		{D2071588-B4CC-4DD9-AA37-B26E462015D7}.Debug|Any CPU.Build.0 = Debug|Any CPU
		{D2071588-B4CC-4DD9-AA37-B26E462015D7}.Release|Any CPU.ActiveCfg = Release|Any CPU
		{D2071588-B4CC-4DD9-AA37-B26E462015D7}.Release|Any CPU.Build.0 = Release|Any CPU
	EndGlobalSection
	GlobalSection(SolutionProperties) = preSolution
		HideSolutionNode = FALSE
	EndGlobalSection
	GlobalSection(ExtensibilityGlobals) = postSolution
		SolutionGuid = {32E7C19D-78F3-45ED-9CBB-9A7CE328026D}
	EndGlobalSection
EndGlobal
