
Microsoft Visual Studio Solution File, Format Version 12.00
# Visual Studio Version 16
VisualStudioVersion = 25.0.1705.0
MinimumVisualStudioVersion = 10.0.40219.1
Project("{FAE04EC0-301F-11D3-BF4B-00C04F79EFBC}") = "2557(Hello World)", "2557(Hello World)\2557(Hello World).csproj", "{E2911278-4BE0-4425-86CC-DF07DFE75792}"
EndProject
Project("{FAE04EC0-301F-11D3-BF4B-00C04F79EFBC}") = "1000(A+B)", "1000(A+B)\1000(A+B).csproj", "{4A9C1A9E-58F9-485F-B00B-ED8B2DEDA6C3}"
EndProject
Project("{FAE04EC0-301F-11D3-BF4B-00C04F79EFBC}") = "1001(A-B)", "1001(A-B)\1001(A-B).csproj", "{D2071588-B4CC-4DD9-AA37-B26E462015D7}"
EndProject
Project("{FAE04EC0-301F-11D3-BF4B-00C04F79EFBC}") = "10998(AXB)", "10998(AXB)\10998(AXB).csproj", "{3A4596CC-50E5-4568-846E-61A3C9113468}"
EndProject
Project("{FAE04EC0-301F-11D3-BF4B-00C04F79EFBC}") = "1008(A나누기B)", "1008(A나누기B)\1008(A나누기B).csproj", "{67F12286-0715-476A-B0C6-1E8EEC7162DD}"
EndProject
Project("{FAE04EC0-301F-11D3-BF4B-00C04F79EFBC}") = "10869(사칙연산)", "10869(사칙연산)\10869(사칙연산).csproj", "{FD67B5A1-B823-4F0C-B7A8-7353C27FA204}"
EndProject
Project("{FAE04EC0-301F-11D3-BF4B-00C04F79EFBC}") = "10926(물음표!)", "10926(물음표!)\10926(물음표!).csproj", "{32A837CC-980A-4F95-A4D5-B03558604390}"
EndProject
Project("{FAE04EC0-301F-11D3-BF4B-00C04F79EFBC}") = "12108(1998년생인 내가)", "12108(1998년생인 내가)\12108(1998년생인 내가).csproj", "{85A4C516-B26F-4068-B295-A306710F5AA7}"
EndProject
Global
	GlobalSection(SolutionConfigurationPlatforms) = preSolution
		Debug|Any CPU = Debug|Any CPU
		Release|Any CPU = Release|Any CPU
	EndGlobalSection
	GlobalSection(ProjectConfigurationPlatforms) = postSolution
		{E2911278-4BE0-4425-86CC-DF07DFE75792}.Debug|Any CPU.ActiveCfg = Debug|Any CPU
		{E2911278-4BE0-4425-86CC-DF07DFE75792}.Debug|Any CPU.Build.0 = Debug|Any CPU
		{E2911278-4BE0-4425-86CC-DF07DFE75792}.Release|Any CPU.ActiveCfg = Release|Any CPU
		{E2911278-4BE0-4425-86CC-DF07DFE75792}.Release|Any CPU.Build.0 = Release|Any CPU
		{4A9C1A9E-58F9-485F-B00B-ED8B2DEDA6C3}.Debug|Any CPU.ActiveCfg = Debug|Any CPU
		{4A9C1A9E-58F9-485F-B00B-ED8B2DEDA6C3}.Debug|Any CPU.Build.0 = Debug|Any CPU
		{4A9C1A9E-58F9-485F-B00B-ED8B2DEDA6C3}.Release|Any CPU.ActiveCfg = Release|Any CPU
		{4A9C1A9E-58F9-485F-B00B-ED8B2DEDA6C3}.Release|Any CPU.Build.0 = Release|Any CPU
		{D2071588-B4CC-4DD9-AA37-B26E462015D7}.Debug|Any CPU.ActiveCfg = Debug|Any CPU
		{D2071588-B4CC-4DD9-AA37-B26E462015D7}.Debug|Any CPU.Build.0 = Debug|Any CPU
		{D2071588-B4CC-4DD9-AA37-B26E462015D7}.Release|Any CPU.ActiveCfg = Release|Any CPU
		{D2071588-B4CC-4DD9-AA37-B26E462015D7}.Release|Any CPU.Build.0 = Release|Any CPU
		{3A4596CC-50E5-4568-846E-61A3C9113468}.Debug|Any CPU.ActiveCfg = Debug|Any CPU
		{3A4596CC-50E5-4568-846E-61A3C9113468}.Debug|Any CPU.Build.0 = Debug|Any CPU
		{3A4596CC-50E5-4568-846E-61A3C9113468}.Release|Any CPU.ActiveCfg = Release|Any CPU
		{3A4596CC-50E5-4568-846E-61A3C9113468}.Release|Any CPU.Build.0 = Release|Any CPU
		{67F12286-0715-476A-B0C6-1E8EEC7162DD}.Debug|Any CPU.ActiveCfg = Debug|Any CPU
		{67F12286-0715-476A-B0C6-1E8EEC7162DD}.Debug|Any CPU.Build.0 = Debug|Any CPU
		{67F12286-0715-476A-B0C6-1E8EEC7162DD}.Release|Any CPU.ActiveCfg = Release|Any CPU
		{67F12286-0715-476A-B0C6-1E8EEC7162DD}.Release|Any CPU.Build.0 = Release|Any CPU
		{FD67B5A1-B823-4F0C-B7A8-7353C27FA204}.Debug|Any CPU.ActiveCfg = Debug|Any CPU
		{FD67B5A1-B823-4F0C-B7A8-7353C27FA204}.Debug|Any CPU.Build.0 = Debug|Any CPU
		{FD67B5A1-B823-4F0C-B7A8-7353C27FA204}.Release|Any CPU.ActiveCfg = Release|Any CPU
		{FD67B5A1-B823-4F0C-B7A8-7353C27FA204}.Release|Any CPU.Build.0 = Release|Any CPU
		{32A837CC-980A-4F95-A4D5-B03558604390}.Debug|Any CPU.ActiveCfg = Debug|Any CPU
		{32A837CC-980A-4F95-A4D5-B03558604390}.Debug|Any CPU.Build.0 = Debug|Any CPU
		{32A837CC-980A-4F95-A4D5-B03558604390}.Release|Any CPU.ActiveCfg = Release|Any CPU
		{32A837CC-980A-4F95-A4D5-B03558604390}.Release|Any CPU.Build.0 = Release|Any CPU
		{85A4C516-B26F-4068-B295-A306710F5AA7}.Debug|Any CPU.ActiveCfg = Debug|Any CPU
		{85A4C516-B26F-4068-B295-A306710F5AA7}.Debug|Any CPU.Build.0 = Debug|Any CPU
		{85A4C516-B26F-4068-B295-A306710F5AA7}.Release|Any CPU.ActiveCfg = Release|Any CPU
		{85A4C516-B26F-4068-B295-A306710F5AA7}.Release|Any CPU.Build.0 = Release|Any CPU
	EndGlobalSection
	GlobalSection(SolutionProperties) = preSolution
		HideSolutionNode = FALSE
	EndGlobalSection
	GlobalSection(ExtensibilityGlobals) = postSolution
		SolutionGuid = {32E7C19D-78F3-45ED-9CBB-9A7CE328026D}
	EndGlobalSection
EndGlobal
