
Microsoft Visual Studio Solution File, Format Version 12.00
# Visual Studio Version 16
VisualStudioVersion = 25.0.1705.0
MinimumVisualStudioVersion = 10.0.40219.1
Project("{FAE04EC0-301F-11D3-BF4B-00C04F79EFBC}") = "2557(Hello World)", "2557(Hello World).csproj", "{3C521C43-471B-4119-AD30-583B890FDDE1}"
EndProject
Global
	GlobalSection(SolutionConfigurationPlatforms) = preSolution
		Debug|Any CPU = Debug|Any CPU
		Release|Any CPU = Release|Any CPU
	EndGlobalSection
	GlobalSection(ProjectConfigurationPlatforms) = postSolution
		{3C521C43-471B-4119-AD30-583B890FDDE1}.Debug|Any CPU.ActiveCfg = Debug|Any CPU
		{3C521C43-471B-4119-AD30-583B890FDDE1}.Debug|Any CPU.Build.0 = Debug|Any CPU
		{3C521C43-471B-4119-AD30-583B890FDDE1}.Release|Any CPU.ActiveCfg = Release|Any CPU
		{3C521C43-471B-4119-AD30-583B890FDDE1}.Release|Any CPU.Build.0 = Release|Any CPU
	EndGlobalSection
	GlobalSection(SolutionProperties) = preSolution
		HideSolutionNode = FALSE
	EndGlobalSection
	GlobalSection(ExtensibilityGlobals) = postSolution
		SolutionGuid = {E59FAC2E-CA8A-48B7-B91F-32A856F8B70E}
	EndGlobalSection
EndGlobal
